
Microsoft Visual Studio Solution File, Format Version 12.00
# Visual Studio Version 16
VisualStudioVersion = 16.0.33328.57
MinimumVisualStudioVersion = 10.0.40219.1
Project("{9A19103F-16F7-4668-BE54-9A1E7A4F7556}") = "Veriff.App.Com", "Veriff.App.Com\Veriff.App.Com.csproj", "{81421F04-A567-4CA9-8F57-C629872C56D5}"
EndProject
Project("{2150E333-8FDC-42A3-9474-1A3956D46DE8}") = "Core", "Core", "{509BC629-BB08-4E4E-A804-493FA1F42ABA}"
EndProject
Project("{9A19103F-16F7-4668-BE54-9A1E7A4F7556}") = "Veriff.Core", "Veriff.Core\Veriff.Core.csproj", "{2DEC077A-3E58-48C3-8A76-3A75B3B2F82F}"
EndProject
Project("{2150E333-8FDC-42A3-9474-1A3956D46DE8}") = "VeriffApi", "VeriffApi", "{5D26D83F-0BDE-462A-91B0-01DFD55FA62F}"
EndProject
Project("{9A19103F-16F7-4668-BE54-9A1E7A4F7556}") = "VeriffApi.com", "VeriffApi.com\VeriffApi.com.csproj", "{A3108A13-FD3C-4AA0-85E4-C1B3DDED5F6F}"
EndProject
Project("{9A19103F-16F7-4668-BE54-9A1E7A4F7556}") = "Veriff.Utilities", "Veriff.Utilities\Veriff.Utilities.csproj", "{08CB72E1-7AE3-4D27-87F4-2F13C601237C}"
EndProject
Project("{2150E333-8FDC-42A3-9474-1A3956D46DE8}") = "Services", "Services", "{65CF2B85-8F0D-470F-AD76-EF0BBBF0C3AE}"
EndProject
Project("{9A19103F-16F7-4668-BE54-9A1E7A4F7556}") = "Veriff.Service", "Veriff.Service\Veriff.Service.csproj", "{0A5EE10B-5D91-4907-9BC9-EA121E62CD5D}"
EndProject
Project("{2150E333-8FDC-42A3-9474-1A3956D46DE8}") = "VeriffApi", "VeriffApi", "{0ABCDB52-C9CC-4A83-A11D-80AFD2FC9092}"
EndProject
Project("{9A19103F-16F7-4668-BE54-9A1E7A4F7556}") = "VeriffApi.Core", "VeriffApi.Core\VeriffApi.Core.csproj", "{BA3DEF0E-CF7C-455C-A9CA-62E6CBB55FE6}"
EndProject
Project("{2150E333-8FDC-42A3-9474-1A3956D46DE8}") = "Resources", "Resources", "{0D050180-FB94-4FEF-BC2B-26CF2A26F76D}"
EndProject
Project("{FAE04EC0-301F-11D3-BF4B-00C04F79EFBC}") = "Veriff.Resources", "Veriff.Resources\Veriff.Resources.csproj", "{C45AE968-ADA5-463B-860C-BA91059AC91D}"
EndProject
Project("{FAE04EC0-301F-11D3-BF4B-00C04F79EFBC}") = "VeriffApi.TBS.Com", "VeriffApi.TBS.Com\VeriffApi.TBS.Com.csproj", "{5DD957B0-442D-402D-8F7E-D6BEE6377A95}"
EndProject
Global
	GlobalSection(SolutionConfigurationPlatforms) = preSolution
		Debug|Any CPU = Debug|Any CPU
		Release|Any CPU = Release|Any CPU
	EndGlobalSection
	GlobalSection(ProjectConfigurationPlatforms) = postSolution
		{81421F04-A567-4CA9-8F57-C629872C56D5}.Debug|Any CPU.ActiveCfg = Debug|Any CPU
		{81421F04-A567-4CA9-8F57-C629872C56D5}.Debug|Any CPU.Build.0 = Debug|Any CPU
		{81421F04-A567-4CA9-8F57-C629872C56D5}.Release|Any CPU.ActiveCfg = Release|Any CPU
		{81421F04-A567-4CA9-8F57-C629872C56D5}.Release|Any CPU.Build.0 = Release|Any CPU
		{2DEC077A-3E58-48C3-8A76-3A75B3B2F82F}.Debug|Any CPU.ActiveCfg = Debug|Any CPU
		{2DEC077A-3E58-48C3-8A76-3A75B3B2F82F}.Debug|Any CPU.Build.0 = Debug|Any CPU
		{2DEC077A-3E58-48C3-8A76-3A75B3B2F82F}.Release|Any CPU.ActiveCfg = Release|Any CPU
		{2DEC077A-3E58-48C3-8A76-3A75B3B2F82F}.Release|Any CPU.Build.0 = Release|Any CPU
		{A3108A13-FD3C-4AA0-85E4-C1B3DDED5F6F}.Debug|Any CPU.ActiveCfg = Debug|Any CPU
		{A3108A13-FD3C-4AA0-85E4-C1B3DDED5F6F}.Debug|Any CPU.Build.0 = Debug|Any CPU
		{A3108A13-FD3C-4AA0-85E4-C1B3DDED5F6F}.Release|Any CPU.ActiveCfg = Release|Any CPU
		{A3108A13-FD3C-4AA0-85E4-C1B3DDED5F6F}.Release|Any CPU.Build.0 = Release|Any CPU
		{08CB72E1-7AE3-4D27-87F4-2F13C601237C}.Debug|Any CPU.ActiveCfg = Debug|Any CPU
		{08CB72E1-7AE3-4D27-87F4-2F13C601237C}.Debug|Any CPU.Build.0 = Debug|Any CPU
		{08CB72E1-7AE3-4D27-87F4-2F13C601237C}.Release|Any CPU.ActiveCfg = Release|Any CPU
		{08CB72E1-7AE3-4D27-87F4-2F13C601237C}.Release|Any CPU.Build.0 = Release|Any CPU
		{0A5EE10B-5D91-4907-9BC9-EA121E62CD5D}.Debug|Any CPU.ActiveCfg = Debug|Any CPU
		{0A5EE10B-5D91-4907-9BC9-EA121E62CD5D}.Debug|Any CPU.Build.0 = Debug|Any CPU
		{0A5EE10B-5D91-4907-9BC9-EA121E62CD5D}.Release|Any CPU.ActiveCfg = Release|Any CPU
		{0A5EE10B-5D91-4907-9BC9-EA121E62CD5D}.Release|Any CPU.Build.0 = Release|Any CPU
		{BA3DEF0E-CF7C-455C-A9CA-62E6CBB55FE6}.Debug|Any CPU.ActiveCfg = Debug|Any CPU
		{BA3DEF0E-CF7C-455C-A9CA-62E6CBB55FE6}.Debug|Any CPU.Build.0 = Debug|Any CPU
		{BA3DEF0E-CF7C-455C-A9CA-62E6CBB55FE6}.Release|Any CPU.ActiveCfg = Release|Any CPU
		{BA3DEF0E-CF7C-455C-A9CA-62E6CBB55FE6}.Release|Any CPU.Build.0 = Release|Any CPU
		{C45AE968-ADA5-463B-860C-BA91059AC91D}.Debug|Any CPU.ActiveCfg = Debug|Any CPU
		{C45AE968-ADA5-463B-860C-BA91059AC91D}.Debug|Any CPU.Build.0 = Debug|Any CPU
		{C45AE968-ADA5-463B-860C-BA91059AC91D}.Release|Any CPU.ActiveCfg = Release|Any CPU
		{C45AE968-ADA5-463B-860C-BA91059AC91D}.Release|Any CPU.Build.0 = Release|Any CPU
		{5DD957B0-442D-402D-8F7E-D6BEE6377A95}.Debug|Any CPU.ActiveCfg = Debug|Any CPU
		{5DD957B0-442D-402D-8F7E-D6BEE6377A95}.Debug|Any CPU.Build.0 = Debug|Any CPU
		{5DD957B0-442D-402D-8F7E-D6BEE6377A95}.Release|Any CPU.ActiveCfg = Release|Any CPU
		{5DD957B0-442D-402D-8F7E-D6BEE6377A95}.Release|Any CPU.Build.0 = Release|Any CPU
	EndGlobalSection
	GlobalSection(SolutionProperties) = preSolution
		HideSolutionNode = FALSE
	EndGlobalSection
	GlobalSection(NestedProjects) = preSolution
		{2DEC077A-3E58-48C3-8A76-3A75B3B2F82F} = {509BC629-BB08-4E4E-A804-493FA1F42ABA}
		{A3108A13-FD3C-4AA0-85E4-C1B3DDED5F6F} = {5D26D83F-0BDE-462A-91B0-01DFD55FA62F}
		{08CB72E1-7AE3-4D27-87F4-2F13C601237C} = {509BC629-BB08-4E4E-A804-493FA1F42ABA}
		{0A5EE10B-5D91-4907-9BC9-EA121E62CD5D} = {65CF2B85-8F0D-470F-AD76-EF0BBBF0C3AE}
		{0ABCDB52-C9CC-4A83-A11D-80AFD2FC9092} = {509BC629-BB08-4E4E-A804-493FA1F42ABA}
		{BA3DEF0E-CF7C-455C-A9CA-62E6CBB55FE6} = {0ABCDB52-C9CC-4A83-A11D-80AFD2FC9092}
		{C45AE968-ADA5-463B-860C-BA91059AC91D} = {0D050180-FB94-4FEF-BC2B-26CF2A26F76D}
		{5DD957B0-442D-402D-8F7E-D6BEE6377A95} = {5D26D83F-0BDE-462A-91B0-01DFD55FA62F}
	EndGlobalSection
	GlobalSection(ExtensibilityGlobals) = postSolution
		SolutionGuid = {320220F3-80F4-4167-8FB8-E1BBAAD60E53}
	EndGlobalSection
EndGlobal
